// !$*UTF8*$!
{
	archiveVersion = 1;
	classes = {
	};
	objectVersion = 55;
	objects = {

/* Begin PBXBuildFile section */
		4D4209972839962E00ACAEA2 /* AppDelegate.swift in Sources */ = {isa = PBXBuildFile; fileRef = 4D4209962839962E00ACAEA2 /* AppDelegate.swift */; };
		4D4209992839962E00ACAEA2 /* SceneDelegate.swift in Sources */ = {isa = PBXBuildFile; fileRef = 4D4209982839962E00ACAEA2 /* SceneDelegate.swift */; };
		4D42099B2839962E00ACAEA2 /* ViewController.swift in Sources */ = {isa = PBXBuildFile; fileRef = 4D42099A2839962E00ACAEA2 /* ViewController.swift */; };
		4D42099E2839962E00ACAEA2 /* Main.storyboard in Resources */ = {isa = PBXBuildFile; fileRef = 4D42099C2839962E00ACAEA2 /* Main.storyboard */; };
		4D4209A02839962F00ACAEA2 /* Assets.xcassets in Resources */ = {isa = PBXBuildFile; fileRef = 4D42099F2839962F00ACAEA2 /* Assets.xcassets */; };
		4D4209A32839962F00ACAEA2 /* LaunchScreen.storyboard in Resources */ = {isa = PBXBuildFile; fileRef = 4D4209A12839962F00ACAEA2 /* LaunchScreen.storyboard */; };
		4D4209AE2839963000ACAEA2 /* ATM_concultoriaTests.swift in Sources */ = {isa = PBXBuildFile; fileRef = 4D4209AD2839963000ACAEA2 /* ATM_concultoriaTests.swift */; };
		4D4209B82839963000ACAEA2 /* ATM_concultoriaUITests.swift in Sources */ = {isa = PBXBuildFile; fileRef = 4D4209B72839963000ACAEA2 /* ATM_concultoriaUITests.swift */; };
		4D4209BA2839963000ACAEA2 /* ATM_concultoriaUITestsLaunchTests.swift in Sources */ = {isa = PBXBuildFile; fileRef = 4D4209B92839963000ACAEA2 /* ATM_concultoriaUITestsLaunchTests.swift */; };
/* End PBXBuildFile section */

/* Begin PBXContainerItemProxy section */
		4D4209AA2839963000ACAEA2 /* PBXContainerItemProxy */ = {
			isa = PBXContainerItemProxy;
			containerPortal = 4D42098B2839962E00ACAEA2 /* Project object */;
			proxyType = 1;
			remoteGlobalIDString = 4D4209922839962E00ACAEA2;
			remoteInfo = "ATM-concultoria";
		};
		4D4209B42839963000ACAEA2 /* PBXContainerItemProxy */ = {
			isa = PBXContainerItemProxy;
			containerPortal = 4D42098B2839962E00ACAEA2 /* Project object */;
			proxyType = 1;
			remoteGlobalIDString = 4D4209922839962E00ACAEA2;
			remoteInfo = "ATM-concultoria";
		};
/* End PBXContainerItemProxy section */

/* Begin PBXFileReference section */
		4D4209932839962E00ACAEA2 /* ATM-concultoria.app */ = {isa = PBXFileReference; explicitFileType = wrapper.application; includeInIndex = 0; path = "ATM-concultoria.app"; sourceTree = BUILT_PRODUCTS_DIR; };
		4D4209962839962E00ACAEA2 /* AppDelegate.swift */ = {isa = PBXFileReference; lastKnownFileType = sourcecode.swift; path = AppDelegate.swift; sourceTree = "<group>"; };
		4D4209982839962E00ACAEA2 /* SceneDelegate.swift */ = {isa = PBXFileReference; lastKnownFileType = sourcecode.swift; path = SceneDelegate.swift; sourceTree = "<group>"; };
		4D42099A2839962E00ACAEA2 /* ViewController.swift */ = {isa = PBXFileReference; lastKnownFileType = sourcecode.swift; path = ViewController.swift; sourceTree = "<group>"; };
		4D42099D2839962E00ACAEA2 /* Base */ = {isa = PBXFileReference; lastKnownFileType = file.storyboard; name = Base; path = Base.lproj/Main.storyboard; sourceTree = "<group>"; };
		4D42099F2839962F00ACAEA2 /* Assets.xcassets */ = {isa = PBXFileReference; lastKnownFileType = folder.assetcatalog; path = Assets.xcassets; sourceTree = "<group>"; };
		4D4209A22839962F00ACAEA2 /* Base */ = {isa = PBXFileReference; lastKnownFileType = file.storyboard; name = Base; path = Base.lproj/LaunchScreen.storyboard; sourceTree = "<group>"; };
		4D4209A42839962F00ACAEA2 /* Info.plist */ = {isa = PBXFileReference; lastKnownFileType = text.plist.xml; path = Info.plist; sourceTree = "<group>"; };
		4D4209A92839963000ACAEA2 /* ATM-concultoriaTests.xctest */ = {isa = PBXFileReference; explicitFileType = wrapper.cfbundle; includeInIndex = 0; path = "ATM-concultoriaTests.xctest"; sourceTree = BUILT_PRODUCTS_DIR; };
		4D4209AD2839963000ACAEA2 /* ATM_concultoriaTests.swift */ = {isa = PBXFileReference; lastKnownFileType = sourcecode.swift; path = ATM_concultoriaTests.swift; sourceTree = "<group>"; };
		4D4209B32839963000ACAEA2 /* ATM-concultoriaUITests.xctest */ = {isa = PBXFileReference; explicitFileType = wrapper.cfbundle; includeInIndex = 0; path = "ATM-concultoriaUITests.xctest"; sourceTree = BUILT_PRODUCTS_DIR; };
		4D4209B72839963000ACAEA2 /* ATM_concultoriaUITests.swift */ = {isa = PBXFileReference; lastKnownFileType = sourcecode.swift; path = ATM_concultoriaUITests.swift; sourceTree = "<group>"; };
		4D4209B92839963000ACAEA2 /* ATM_concultoriaUITestsLaunchTests.swift */ = {isa = PBXFileReference; lastKnownFileType = sourcecode.swift; path = ATM_concultoriaUITestsLaunchTests.swift; sourceTree = "<group>"; };
/* End PBXFileReference section */

/* Begin PBXFrameworksBuildPhase section */
		4D4209902839962E00ACAEA2 /* Frameworks */ = {
			isa = PBXFrameworksBuildPhase;
			buildActionMask = 2147483647;
			files = (
			);
			runOnlyForDeploymentPostprocessing = 0;
		};
		4D4209A62839963000ACAEA2 /* Frameworks */ = {
			isa = PBXFrameworksBuildPhase;
			buildActionMask = 2147483647;
			files = (
			);
			runOnlyForDeploymentPostprocessing = 0;
		};
		4D4209B02839963000ACAEA2 /* Frameworks */ = {
			isa = PBXFrameworksBuildPhase;
			buildActionMask = 2147483647;
			files = (
			);
			runOnlyForDeploymentPostprocessing = 0;
		};
/* End PBXFrameworksBuildPhase section */

/* Begin PBXGroup section */
		4D42098A2839962E00ACAEA2 = {
			isa = PBXGroup;
			children = (
				4D4209952839962E00ACAEA2 /* ATM-concultoria */,
				4D4209AC2839963000ACAEA2 /* ATM-concultoriaTests */,
				4D4209B62839963000ACAEA2 /* ATM-concultoriaUITests */,
				4D4209942839962E00ACAEA2 /* Products */,
			);
			sourceTree = "<group>";
		};
		4D4209942839962E00ACAEA2 /* Products */ = {
			isa = PBXGroup;
			children = (
				4D4209932839962E00ACAEA2 /* ATM-concultoria.app */,
				4D4209A92839963000ACAEA2 /* ATM-concultoriaTests.xctest */,
				4D4209B32839963000ACAEA2 /* ATM-concultoriaUITests.xctest */,
			);
			name = Products;
			sourceTree = "<group>";
		};
		4D4209952839962E00ACAEA2 /* ATM-concultoria */ = {
			isa = PBXGroup;
			children = (
				4D4209962839962E00ACAEA2 /* AppDelegate.swift */,
				4D4209982839962E00ACAEA2 /* SceneDelegate.swift */,
				4D42099A2839962E00ACAEA2 /* ViewController.swift */,
				4D42099C2839962E00ACAEA2 /* Main.storyboard */,
				4D42099F2839962F00ACAEA2 /* Assets.xcassets */,
				4D4209A12839962F00ACAEA2 /* LaunchScreen.storyboard */,
				4D4209A42839962F00ACAEA2 /* Info.plist */,
			);
			path = "ATM-concultoria";
			sourceTree = "<group>";
		};
		4D4209AC2839963000ACAEA2 /* ATM-concultoriaTests */ = {
			isa = PBXGroup;
			children = (
				4D4209AD2839963000ACAEA2 /* ATM_concultoriaTests.swift */,
			);
			path = "ATM-concultoriaTests";
			sourceTree = "<group>";
		};
		4D4209B62839963000ACAEA2 /* ATM-concultoriaUITests */ = {
			isa = PBXGroup;
			children = (
				4D4209B72839963000ACAEA2 /* ATM_concultoriaUITests.swift */,
				4D4209B92839963000ACAEA2 /* ATM_concultoriaUITestsLaunchTests.swift */,
			);
			path = "ATM-concultoriaUITests";
			sourceTree = "<group>";
		};
/* End PBXGroup section */

/* Begin PBXNativeTarget section */
		4D4209922839962E00ACAEA2 /* ATM-concultoria */ = {
			isa = PBXNativeTarget;
			buildConfigurationList = 4D4209BD2839963000ACAEA2 /* Build configuration list for PBXNativeTarget "ATM-concultoria" */;
			buildPhases = (
				4D42098F2839962E00ACAEA2 /* Sources */,
				4D4209902839962E00ACAEA2 /* Frameworks */,
				4D4209912839962E00ACAEA2 /* Resources */,
			);
			buildRules = (
			);
			dependencies = (
			);
			name = "ATM-concultoria";
			productName = "ATM-concultoria";
			productReference = 4D4209932839962E00ACAEA2 /* ATM-concultoria.app */;
			productType = "com.apple.product-type.application";
		};
		4D4209A82839963000ACAEA2 /* ATM-concultoriaTests */ = {
			isa = PBXNativeTarget;
			buildConfigurationList = 4D4209C02839963000ACAEA2 /* Build configuration list for PBXNativeTarget "ATM-concultoriaTests" */;
			buildPhases = (
				4D4209A52839963000ACAEA2 /* Sources */,
				4D4209A62839963000ACAEA2 /* Frameworks */,
				4D4209A72839963000ACAEA2 /* Resources */,
			);
			buildRules = (
			);
			dependencies = (
				4D4209AB2839963000ACAEA2 /* PBXTargetDependency */,
			);
			name = "ATM-concultoriaTests";
			productName = "ATM-concultoriaTests";
			productReference = 4D4209A92839963000ACAEA2 /* ATM-concultoriaTests.xctest */;
			productType = "com.apple.product-type.bundle.unit-test";
		};
		4D4209B22839963000ACAEA2 /* ATM-concultoriaUITests */ = {
			isa = PBXNativeTarget;
			buildConfigurationList = 4D4209C32839963000ACAEA2 /* Build configuration list for PBXNativeTarget "ATM-concultoriaUITests" */;
			buildPhases = (
				4D4209AF2839963000ACAEA2 /* Sources */,
				4D4209B02839963000ACAEA2 /* Frameworks */,
				4D4209B12839963000ACAEA2 /* Resources */,
			);
			buildRules = (
			);
			dependencies = (
				4D4209B52839963000ACAEA2 /* PBXTargetDependency */,
			);
			name = "ATM-concultoriaUITests";
			productName = "ATM-concultoriaUITests";
			productReference = 4D4209B32839963000ACAEA2 /* ATM-concultoriaUITests.xctest */;
			productType = "com.apple.product-type.bundle.ui-testing";
		};
/* End PBXNativeTarget section */

/* Begin PBXProject section */
		4D42098B2839962E00ACAEA2 /* Project object */ = {
			isa = PBXProject;
			attributes = {
				BuildIndependentTargetsInParallel = 1;
				LastSwiftUpdateCheck = 1310;
				LastUpgradeCheck = 1310;
				TargetAttributes = {
					4D4209922839962E00ACAEA2 = {
						CreatedOnToolsVersion = 13.1;
					};
					4D4209A82839963000ACAEA2 = {
						CreatedOnToolsVersion = 13.1;
						TestTargetID = 4D4209922839962E00ACAEA2;
					};
					4D4209B22839963000ACAEA2 = {
						CreatedOnToolsVersion = 13.1;
						TestTargetID = 4D4209922839962E00ACAEA2;
					};
				};
			};
			buildConfigurationList = 4D42098E2839962E00ACAEA2 /* Build configuration list for PBXProject "ATM-concultoria" */;
			compatibilityVersion = "Xcode 13.0";
			developmentRegion = en;
			hasScannedForEncodings = 0;
			knownRegions = (
				en,
				Base,
			);
			mainGroup = 4D42098A2839962E00ACAEA2;
			productRefGroup = 4D4209942839962E00ACAEA2 /* Products */;
			projectDirPath = "";
			projectRoot = "";
			targets = (
				4D4209922839962E00ACAEA2 /* ATM-concultoria */,
				4D4209A82839963000ACAEA2 /* ATM-concultoriaTests */,
				4D4209B22839963000ACAEA2 /* ATM-concultoriaUITests */,
			);
		};
/* End PBXProject section */

/* Begin PBXResourcesBuildPhase section */
		4D4209912839962E00ACAEA2 /* Resources */ = {
			isa = PBXResourcesBuildPhase;
			buildActionMask = 2147483647;
			files = (
				4D4209A32839962F00ACAEA2 /* LaunchScreen.storyboard in Resources */,
				4D4209A02839962F00ACAEA2 /* Assets.xcassets in Resources */,
				4D42099E2839962E00ACAEA2 /* Main.storyboard in Resources */,
			);
			runOnlyForDeploymentPostprocessing = 0;
		};
		4D4209A72839963000ACAEA2 /* Resources */ = {
			isa = PBXResourcesBuildPhase;
			buildActionMask = 2147483647;
			files = (
			);
			runOnlyForDeploymentPostprocessing = 0;
		};
		4D4209B12839963000ACAEA2 /* Resources */ = {
			isa = PBXResourcesBuildPhase;
			buildActionMask = 2147483647;
			files = (
			);
			runOnlyForDeploymentPostprocessing = 0;
		};
/* End PBXResourcesBuildPhase section */

/* Begin PBXSourcesBuildPhase section */
		4D42098F2839962E00ACAEA2 /* Sources */ = {
			isa = PBXSourcesBuildPhase;
			buildActionMask = 2147483647;
			files = (
				4D42099B2839962E00ACAEA2 /* ViewController.swift in Sources */,
				4D4209972839962E00ACAEA2 /* AppDelegate.swift in Sources */,
				4D4209992839962E00ACAEA2 /* SceneDelegate.swift in Sources */,
			);
			runOnlyForDeploymentPostprocessing = 0;
		};
		4D4209A52839963000ACAEA2 /* Sources */ = {
			isa = PBXSourcesBuildPhase;
			buildActionMask = 2147483647;
			files = (
				4D4209AE2839963000ACAEA2 /* ATM_concultoriaTests.swift in Sources */,
			);
			runOnlyForDeploymentPostprocessing = 0;
		};
		4D4209AF2839963000ACAEA2 /* Sources */ = {
			isa = PBXSourcesBuildPhase;
			buildActionMask = 2147483647;
			files = (
				4D4209B82839963000ACAEA2 /* ATM_concultoriaUITests.swift in Sources */,
				4D4209BA2839963000ACAEA2 /* ATM_concultoriaUITestsLaunchTests.swift in Sources */,
			);
			runOnlyForDeploymentPostprocessing = 0;
		};
/* End PBXSourcesBuildPhase section */

/* Begin PBXTargetDependency section */
		4D4209AB2839963000ACAEA2 /* PBXTargetDependency */ = {
			isa = PBXTargetDependency;
			target = 4D4209922839962E00ACAEA2 /* ATM-concultoria */;
			targetProxy = 4D4209AA2839963000ACAEA2 /* PBXContainerItemProxy */;
		};
		4D4209B52839963000ACAEA2 /* PBXTargetDependency */ = {
			isa = PBXTargetDependency;
			target = 4D4209922839962E00ACAEA2 /* ATM-concultoria */;
			targetProxy = 4D4209B42839963000ACAEA2 /* PBXContainerItemProxy */;
		};
/* End PBXTargetDependency section */

/* Begin PBXVariantGroup section */
		4D42099C2839962E00ACAEA2 /* Main.storyboard */ = {
			isa = PBXVariantGroup;
			children = (
				4D42099D2839962E00ACAEA2 /* Base */,
			);
			name = Main.storyboard;
			sourceTree = "<group>";
		};
		4D4209A12839962F00ACAEA2 /* LaunchScreen.storyboard */ = {
			isa = PBXVariantGroup;
			children = (
				4D4209A22839962F00ACAEA2 /* Base */,
			);
			name = LaunchScreen.storyboard;
			sourceTree = "<group>";
		};
/* End PBXVariantGroup section */

/* Begin XCBuildConfiguration section */
		4D4209BB2839963000ACAEA2 /* Debug */ = {
			isa = XCBuildConfiguration;
			buildSettings = {
				ALWAYS_SEARCH_USER_PATHS = NO;
				CLANG_ANALYZER_NONNULL = YES;
				CLANG_ANALYZER_NUMBER_OBJECT_CONVERSION = YES_AGGRESSIVE;
				CLANG_CXX_LANGUAGE_STANDARD = "gnu++17";
				CLANG_CXX_LIBRARY = "libc++";
				CLANG_ENABLE_MODULES = YES;
				CLANG_ENABLE_OBJC_ARC = YES;
				CLANG_ENABLE_OBJC_WEAK = YES;
				CLANG_WARN_BLOCK_CAPTURE_AUTORELEASING = YES;
				CLANG_WARN_BOOL_CONVERSION = YES;
				CLANG_WARN_COMMA = YES;
				CLANG_WARN_CONSTANT_CONVERSION = YES;
				CLANG_WARN_DEPRECATED_OBJC_IMPLEMENTATIONS = YES;
				CLANG_WARN_DIRECT_OBJC_ISA_USAGE = YES_ERROR;
				CLANG_WARN_DOCUMENTATION_COMMENTS = YES;
				CLANG_WARN_EMPTY_BODY = YES;
				CLANG_WARN_ENUM_CONVERSION = YES;
				CLANG_WARN_INFINITE_RECURSION = YES;
				CLANG_WARN_INT_CONVERSION = YES;
				CLANG_WARN_NON_LITERAL_NULL_CONVERSION = YES;
				CLANG_WARN_OBJC_IMPLICIT_RETAIN_SELF = YES;
				CLANG_WARN_OBJC_LITERAL_CONVERSION = YES;
				CLANG_WARN_OBJC_ROOT_CLASS = YES_ERROR;
				CLANG_WARN_QUOTED_INCLUDE_IN_FRAMEWORK_HEADER = YES;
				CLANG_WARN_RANGE_LOOP_ANALYSIS = YES;
				CLANG_WARN_STRICT_PROTOTYPES = YES;
				CLANG_WARN_SUSPICIOUS_MOVE = YES;
				CLANG_WARN_UNGUARDED_AVAILABILITY = YES_AGGRESSIVE;
				CLANG_WARN_UNREACHABLE_CODE = YES;
				CLANG_WARN__DUPLICATE_METHOD_MATCH = YES;
				COPY_PHASE_STRIP = NO;
				DEBUG_INFORMATION_FORMAT = dwarf;
				ENABLE_STRICT_OBJC_MSGSEND = YES;
				ENABLE_TESTABILITY = YES;
				GCC_C_LANGUAGE_STANDARD = gnu11;
				GCC_DYNAMIC_NO_PIC = NO;
				GCC_NO_COMMON_BLOCKS = YES;
				GCC_OPTIMIZATION_LEVEL = 0;
				GCC_PREPROCESSOR_DEFINITIONS = (
					"DEBUG=1",
					"$(inherited)",
				);
				GCC_WARN_64_TO_32_BIT_CONVERSION = YES;
				GCC_WARN_ABOUT_RETURN_TYPE = YES_ERROR;
				GCC_WARN_UNDECLARED_SELECTOR = YES;
				GCC_WARN_UNINITIALIZED_AUTOS = YES_AGGRESSIVE;
				GCC_WARN_UNUSED_FUNCTION = YES;
				GCC_WARN_UNUSED_VARIABLE = YES;
				IPHONEOS_DEPLOYMENT_TARGET = 15.0;
				MTL_ENABLE_DEBUG_INFO = INCLUDE_SOURCE;
				MTL_FAST_MATH = YES;
				ONLY_ACTIVE_ARCH = YES;
				SDKROOT = iphoneos;
				SWIFT_ACTIVE_COMPILATION_CONDITIONS = DEBUG;
				SWIFT_OPTIMIZATION_LEVEL = "-Onone";
			};
			name = Debug;
		};
		4D4209BC2839963000ACAEA2 /* Release */ = {
			isa = XCBuildConfiguration;
			buildSettings = {
				ALWAYS_SEARCH_USER_PATHS = NO;
				CLANG_ANALYZER_NONNULL = YES;
				CLANG_ANALYZER_NUMBER_OBJECT_CONVERSION = YES_AGGRESSIVE;
				CLANG_CXX_LANGUAGE_STANDARD = "gnu++17";
				CLANG_CXX_LIBRARY = "libc++";
				CLANG_ENABLE_MODULES = YES;
				CLANG_ENABLE_OBJC_ARC = YES;
				CLANG_ENABLE_OBJC_WEAK = YES;
				CLANG_WARN_BLOCK_CAPTURE_AUTORELEASING = YES;
				CLANG_WARN_BOOL_CONVERSION = YES;
				CLANG_WARN_COMMA = YES;
				CLANG_WARN_CONSTANT_CONVERSION = YES;
				CLANG_WARN_DEPRECATED_OBJC_IMPLEMENTATIONS = YES;
				CLANG_WARN_DIRECT_OBJC_ISA_USAGE = YES_ERROR;
				CLANG_WARN_DOCUMENTATION_COMMENTS = YES;
				CLANG_WARN_EMPTY_BODY = YES;
				CLANG_WARN_ENUM_CONVERSION = YES;
				CLANG_WARN_INFINITE_RECURSION = YES;
				CLANG_WARN_INT_CONVERSION = YES;
				CLANG_WARN_NON_LITERAL_NULL_CONVERSION = YES;
				CLANG_WARN_OBJC_IMPLICIT_RETAIN_SELF = YES;
				CLANG_WARN_OBJC_LITERAL_CONVERSION = YES;
				CLANG_WARN_OBJC_ROOT_CLASS = YES_ERROR;
				CLANG_WARN_QUOTED_INCLUDE_IN_FRAMEWORK_HEADER = YES;
				CLANG_WARN_RANGE_LOOP_ANALYSIS = YES;
				CLANG_WARN_STRICT_PROTOTYPES = YES;
				CLANG_WARN_SUSPICIOUS_MOVE = YES;
				CLANG_WARN_UNGUARDED_AVAILABILITY = YES_AGGRESSIVE;
				CLANG_WARN_UNREACHABLE_CODE = YES;
				CLANG_WARN__DUPLICATE_METHOD_MATCH = YES;
				COPY_PHASE_STRIP = NO;
				DEBUG_INFORMATION_FORMAT = "dwarf-with-dsym";
				ENABLE_NS_ASSERTIONS = NO;
				ENABLE_STRICT_OBJC_MSGSEND = YES;
				GCC_C_LANGUAGE_STANDARD = gnu11;
				GCC_NO_COMMON_BLOCKS = YES;
				GCC_WARN_64_TO_32_BIT_CONVERSION = YES;
				GCC_WARN_ABOUT_RETURN_TYPE = YES_ERROR;
				GCC_WARN_UNDECLARED_SELECTOR = YES;
				GCC_WARN_UNINITIALIZED_AUTOS = YES_AGGRESSIVE;
				GCC_WARN_UNUSED_FUNCTION = YES;
				GCC_WARN_UNUSED_VARIABLE = YES;
				IPHONEOS_DEPLOYMENT_TARGET = 15.0;
				MTL_ENABLE_DEBUG_INFO = NO;
				MTL_FAST_MATH = YES;
				SDKROOT = iphoneos;
				SWIFT_COMPILATION_MODE = wholemodule;
				SWIFT_OPTIMIZATION_LEVEL = "-O";
				VALIDATE_PRODUCT = YES;
			};
			name = Release;
		};
		4D4209BE2839963000ACAEA2 /* Debug */ = {
			isa = XCBuildConfiguration;
			buildSettings = {
				ASSETCATALOG_COMPILER_APPICON_NAME = AppIcon;
				ASSETCATALOG_COMPILER_GLOBAL_ACCENT_COLOR_NAME = AccentColor;
				CODE_SIGN_STYLE = Automatic;
				CURRENT_PROJECT_VERSION = 1;
				GENERATE_INFOPLIST_FILE = YES;
				INFOPLIST_FILE = "ATM-concultoria/Info.plist";
				INFOPLIST_KEY_UIApplicationSupportsIndirectInputEvents = YES;
				INFOPLIST_KEY_UILaunchStoryboardName = LaunchScreen;
				INFOPLIST_KEY_UIMainStoryboardFile = Main;
				INFOPLIST_KEY_UISupportedInterfaceOrientations_iPad = "UIInterfaceOrientationPortrait UIInterfaceOrientationPortraitUpsideDown UIInterfaceOrientationLandscapeLeft UIInterfaceOrientationLandscapeRight";
				INFOPLIST_KEY_UISupportedInterfaceOrientations_iPhone = "UIInterfaceOrientationPortrait UIInterfaceOrientationLandscapeLeft UIInterfaceOrientationLandscapeRight";
				LD_RUNPATH_SEARCH_PATHS = (
					"$(inherited)",
					"@executable_path/Frameworks",
				);
				MARKETING_VERSION = 1.0;
				PRODUCT_BUNDLE_IDENTIFIER = "com.atmconcultoria.ATM-concultoria";
				PRODUCT_NAME = "$(TARGET_NAME)";
				SWIFT_EMIT_LOC_STRINGS = YES;
				SWIFT_VERSION = 5.0;
				TARGETED_DEVICE_FAMILY = "1,2";
			};
			name = Debug;
		};
		4D4209BF2839963000ACAEA2 /* Release */ = {
			isa = XCBuildConfiguration;
			buildSettings = {
				ASSETCATALOG_COMPILER_APPICON_NAME = AppIcon;
				ASSETCATALOG_COMPILER_GLOBAL_ACCENT_COLOR_NAME = AccentColor;
				CODE_SIGN_STYLE = Automatic;
				CURRENT_PROJECT_VERSION = 1;
				GENERATE_INFOPLIST_FILE = YES;
				INFOPLIST_FILE = "ATM-concultoria/Info.plist";
				INFOPLIST_KEY_UIApplicationSupportsIndirectInputEvents = YES;
				INFOPLIST_KEY_UILaunchStoryboardName = LaunchScreen;
				INFOPLIST_KEY_UIMainStoryboardFile = Main;
				INFOPLIST_KEY_UISupportedInterfaceOrientations_iPad = "UIInterfaceOrientationPortrait UIInterfaceOrientationPortraitUpsideDown UIInterfaceOrientationLandscapeLeft UIInterfaceOrientationLandscapeRight";
				INFOPLIST_KEY_UISupportedInterfaceOrientations_iPhone = "UIInterfaceOrientationPortrait UIInterfaceOrientationLandscapeLeft UIInterfaceOrientationLandscapeRight";
				LD_RUNPATH_SEARCH_PATHS = (
					"$(inherited)",
					"@executable_path/Frameworks",
				);
				MARKETING_VERSION = 1.0;
				PRODUCT_BUNDLE_IDENTIFIER = "com.atmconcultoria.ATM-concultoria";
				PRODUCT_NAME = "$(TARGET_NAME)";
				SWIFT_EMIT_LOC_STRINGS = YES;
				SWIFT_VERSION = 5.0;
				TARGETED_DEVICE_FAMILY = "1,2";
			};
			name = Release;
		};
		4D4209C12839963000ACAEA2 /* Debug */ = {
			isa = XCBuildConfiguration;
			buildSettings = {
				ALWAYS_EMBED_SWIFT_STANDARD_LIBRARIES = YES;
				BUNDLE_LOADER = "$(TEST_HOST)";
				CODE_SIGN_STYLE = Automatic;
				CURRENT_PROJECT_VERSION = 1;
				GENERATE_INFOPLIST_FILE = YES;
				IPHONEOS_DEPLOYMENT_TARGET = 15.0;
				LD_RUNPATH_SEARCH_PATHS = (
					"$(inherited)",
					"@executable_path/Frameworks",
					"@loader_path/Frameworks",
				);
				MARKETING_VERSION = 1.0;
				PRODUCT_BUNDLE_IDENTIFIER = "com.atmconcultoria.ATM-concultoriaTests";
				PRODUCT_NAME = "$(TARGET_NAME)";
				SWIFT_EMIT_LOC_STRINGS = NO;
				SWIFT_VERSION = 5.0;
				TARGETED_DEVICE_FAMILY = "1,2";
				TEST_HOST = "$(BUILT_PRODUCTS_DIR)/ATM-concultoria.app/ATM-concultoria";
			};
			name = Debug;
		};
		4D4209C22839963000ACAEA2 /* Release */ = {
			isa = XCBuildConfiguration;
			buildSettings = {
				ALWAYS_EMBED_SWIFT_STANDARD_LIBRARIES = YES;
				BUNDLE_LOADER = "$(TEST_HOST)";
				CODE_SIGN_STYLE = Automatic;
				CURRENT_PROJECT_VERSION = 1;
				GENERATE_INFOPLIST_FILE = YES;
				IPHONEOS_DEPLOYMENT_TARGET = 15.0;
				LD_RUNPATH_SEARCH_PATHS = (
					"$(inherited)",
					"@executable_path/Frameworks",
					"@loader_path/Frameworks",
				);
				MARKETING_VERSION = 1.0;
				PRODUCT_BUNDLE_IDENTIFIER = "com.atmconcultoria.ATM-concultoriaTests";
				PRODUCT_NAME = "$(TARGET_NAME)";
				SWIFT_EMIT_LOC_STRINGS = NO;
				SWIFT_VERSION = 5.0;
				TARGETED_DEVICE_FAMILY = "1,2";
				TEST_HOST = "$(BUILT_PRODUCTS_DIR)/ATM-concultoria.app/ATM-concultoria";
			};
			name = Release;
		};
		4D4209C42839963000ACAEA2 /* Debug */ = {
			isa = XCBuildConfiguration;
			buildSettings = {
				ALWAYS_EMBED_SWIFT_STANDARD_LIBRARIES = YES;
				CODE_SIGN_STYLE = Automatic;
				CURRENT_PROJECT_VERSION = 1;
				GENERATE_INFOPLIST_FILE = YES;
				LD_RUNPATH_SEARCH_PATHS = (
					"$(inherited)",
					"@executable_path/Frameworks",
					"@loader_path/Frameworks",
				);
				MARKETING_VERSION = 1.0;
				PRODUCT_BUNDLE_IDENTIFIER = "com.atmconcultoria.ATM-concultoriaUITests";
				PRODUCT_NAME = "$(TARGET_NAME)";
				SWIFT_EMIT_LOC_STRINGS = NO;
				SWIFT_VERSION = 5.0;
				TARGETED_DEVICE_FAMILY = "1,2";
				TEST_TARGET_NAME = "ATM-concultoria";
			};
			name = Debug;
		};
		4D4209C52839963000ACAEA2 /* Release */ = {
			isa = XCBuildConfiguration;
			buildSettings = {
				ALWAYS_EMBED_SWIFT_STANDARD_LIBRARIES = YES;
				CODE_SIGN_STYLE = Automatic;
				CURRENT_PROJECT_VERSION = 1;
				GENERATE_INFOPLIST_FILE = YES;
				LD_RUNPATH_SEARCH_PATHS = (
					"$(inherited)",
					"@executable_path/Frameworks",
					"@loader_path/Frameworks",
				);
				MARKETING_VERSION = 1.0;
				PRODUCT_BUNDLE_IDENTIFIER = "com.atmconcultoria.ATM-concultoriaUITests";
				PRODUCT_NAME = "$(TARGET_NAME)";
				SWIFT_EMIT_LOC_STRINGS = NO;
				SWIFT_VERSION = 5.0;
				TARGETED_DEVICE_FAMILY = "1,2";
				TEST_TARGET_NAME = "ATM-concultoria";
			};
			name = Release;
		};
/* End XCBuildConfiguration section */

/* Begin XCConfigurationList section */
		4D42098E2839962E00ACAEA2 /* Build configuration list for PBXProject "ATM-concultoria" */ = {
			isa = XCConfigurationList;
			buildConfigurations = (
				4D4209BB2839963000ACAEA2 /* Debug */,
				4D4209BC2839963000ACAEA2 /* Release */,
			);
			defaultConfigurationIsVisible = 0;
			defaultConfigurationName = Release;
		};
		4D4209BD2839963000ACAEA2 /* Build configuration list for PBXNativeTarget "ATM-concultoria" */ = {
			isa = XCConfigurationList;
			buildConfigurations = (
				4D4209BE2839963000ACAEA2 /* Debug */,
				4D4209BF2839963000ACAEA2 /* Release */,
			);
			defaultConfigurationIsVisible = 0;
			defaultConfigurationName = Release;
		};
		4D4209C02839963000ACAEA2 /* Build configuration list for PBXNativeTarget "ATM-concultoriaTests" */ = {
			isa = XCConfigurationList;
			buildConfigurations = (
				4D4209C12839963000ACAEA2 /* Debug */,
				4D4209C22839963000ACAEA2 /* Release */,
			);
			defaultConfigurationIsVisible = 0;
			defaultConfigurationName = Release;
		};
		4D4209C32839963000ACAEA2 /* Build configuration list for PBXNativeTarget "ATM-concultoriaUITests" */ = {
			isa = XCConfigurationList;
			buildConfigurations = (
				4D4209C42839963000ACAEA2 /* Debug */,
				4D4209C52839963000ACAEA2 /* Release */,
			);
			defaultConfigurationIsVisible = 0;
			defaultConfigurationName = Release;
		};
/* End XCConfigurationList section */
	};
	rootObject = 4D42098B2839962E00ACAEA2 /* Project object */;
}
